
Microsoft Visual Studio Solution File, Format Version 12.00
# Visual Studio Version 17
VisualStudioVersion = 17.8.34309.116
MinimumVisualStudioVersion = 10.0.40219.1
Project("{FAE04EC0-301F-11D3-BF4B-00C04F79EFBC}") = "A06-Server", "A06-Server\A06-Server.csproj", "{68A1AE4B-E927-4FA5-801D-0633BBBBFA3A}"
EndProject
Project("{FAE04EC0-301F-11D3-BF4B-00C04F79EFBC}") = "A05-Client", "..\A05-Game\A05-Client\A05-Client.csproj", "{00882343-0A93-4DC4-8D79-3DE173995798}"
EndProject
Global
	GlobalSection(SolutionConfigurationPlatforms) = preSolution
		Debug|Any CPU = Debug|Any CPU
		Release|Any CPU = Release|Any CPU
	EndGlobalSection
	GlobalSection(ProjectConfigurationPlatforms) = postSolution
		{68A1AE4B-E927-4FA5-801D-0633BBBBFA3A}.Debug|Any CPU.ActiveCfg = Debug|Any CPU
		{68A1AE4B-E927-4FA5-801D-0633BBBBFA3A}.Debug|Any CPU.Build.0 = Debug|Any CPU
		{68A1AE4B-E927-4FA5-801D-0633BBBBFA3A}.Release|Any CPU.ActiveCfg = Release|Any CPU
		{68A1AE4B-E927-4FA5-801D-0633BBBBFA3A}.Release|Any CPU.Build.0 = Release|Any CPU
		{00882343-0A93-4DC4-8D79-3DE173995798}.Debug|Any CPU.ActiveCfg = Debug|Any CPU
		{00882343-0A93-4DC4-8D79-3DE173995798}.Debug|Any CPU.Build.0 = Debug|Any CPU
		{00882343-0A93-4DC4-8D79-3DE173995798}.Release|Any CPU.ActiveCfg = Release|Any CPU
		{00882343-0A93-4DC4-8D79-3DE173995798}.Release|Any CPU.Build.0 = Release|Any CPU
	EndGlobalSection
	GlobalSection(SolutionProperties) = preSolution
		HideSolutionNode = FALSE
	EndGlobalSection
	GlobalSection(ExtensibilityGlobals) = postSolution
		SolutionGuid = {84543874-3F19-49F4-805C-08DD4DDCBDA1}
	EndGlobalSection
EndGlobal
